
Microsoft Visual Studio Solution File, Format Version 12.00
# Visual Studio Version 16
VisualStudioVersion = 25.0.1706.3
MinimumVisualStudioVersion = 10.0.40219.1
Project("{FAE04EC0-301F-11D3-BF4B-00C04F79EFBC}") = "TextRPG", "TextRPG\TextRPG.csproj", "{573E4E98-10BD-4697-ABD2-5D0A46C8D89C}"
EndProject
Global
	GlobalSection(SolutionConfigurationPlatforms) = preSolution
		Debug|Any CPU = Debug|Any CPU
		Release|Any CPU = Release|Any CPU
	EndGlobalSection
	GlobalSection(ProjectConfigurationPlatforms) = postSolution
		{573E4E98-10BD-4697-ABD2-5D0A46C8D89C}.Debug|Any CPU.ActiveCfg = Debug|Any CPU
		{573E4E98-10BD-4697-ABD2-5D0A46C8D89C}.Debug|Any CPU.Build.0 = Debug|Any CPU
		{573E4E98-10BD-4697-ABD2-5D0A46C8D89C}.Release|Any CPU.ActiveCfg = Release|Any CPU
		{573E4E98-10BD-4697-ABD2-5D0A46C8D89C}.Release|Any CPU.Build.0 = Release|Any CPU
	EndGlobalSection
	GlobalSection(SolutionProperties) = preSolution
		HideSolutionNode = FALSE
	EndGlobalSection
	GlobalSection(ExtensibilityGlobals) = postSolution
		SolutionGuid = {86A40F0C-B458-48BF-B49C-BD60E9BA685A}
	EndGlobalSection
EndGlobal
